
Microsoft Visual Studio Solution File, Format Version 12.00
# Visual Studio Version 16
VisualStudioVersion = 16.0.30717.126
MinimumVisualStudioVersion = 10.0.40219.1
Project("{9A19103F-16F7-4668-BE54-9A1E7A4F7556}") = "BillingIo", "BillingIo.csproj", "{D6AC3027-6D2A-469D-B9F7-8724B8C3FD31}"
EndProject
Global
	GlobalSection(SolutionConfigurationPlatforms) = preSolution
		Debug|Any CPU = Debug|Any CPU
		Release|Any CPU = Release|Any CPU
	EndGlobalSection
	GlobalSection(ProjectConfigurationPlatforms) = postSolution
		{D6AC3027-6D2A-469D-B9F7-8724B8C3FD31}.Debug|Any CPU.ActiveCfg = Debug|Any CPU
		{D6AC3027-6D2A-469D-B9F7-8724B8C3FD31}.Debug|Any CPU.Build.0 = Debug|Any CPU
		{D6AC3027-6D2A-469D-B9F7-8724B8C3FD31}.Release|Any CPU.ActiveCfg = Release|Any CPU
		{D6AC3027-6D2A-469D-B9F7-8724B8C3FD31}.Release|Any CPU.Build.0 = Release|Any CPU
	EndGlobalSection
	GlobalSection(SolutionProperties) = preSolution
		HideSolutionNode = FALSE
	EndGlobalSection
	GlobalSection(ExtensibilityGlobals) = postSolution
		SolutionGuid = {959A513F-8A66-4B4F-9B9F-7D0C8C7A90CB}
	EndGlobalSection
EndGlobal
